{
  "lockfileVersion": 1,
  "configVersion": 1,
  "workspaces": {
    "": {
      "name": "tokenzip",
      "dependencies": {
        "@surrealdb/node": "^3.0.3",
        "surrealdb": "^2.0.3",
        "tree-sitter-typescript": "^0.23.2",
        "web-tree-sitter": "^0.26.8",
      },
    },
  },
  "packages": {
    "@surrealdb/cbor": ["@surrealdb/cbor@2.0.0-alpha.4", "", {}, "sha512-l/hNZ3ZCOJq8rzwx1y5ZV/8b2bYCWdhGqRVY33Pu50NAHyAW5qLsMn3ZBkZow77mAKwNCsbDsRGnyYEuU95mjw=="],

    "@surrealdb/node": ["@surrealdb/node@3.0.3", "", { "peerDependencies": { "surrealdb": "^2.0.1" } }, "sha512-A8g/dktGBz1eZs5lWFKAsx22A376v7g+o7jkdvsmlxj/uta9t4sUPkTIFjcG4JjJW8dzwt8JTiMl8+FuFuiRnw=="],

    "node-addon-api": ["node-addon-api@8.7.0", "", {}, "sha512-9MdFxmkKaOYVTV+XVRG8ArDwwQ77XIgIPyKASB1k3JPq3M8fGQQQE3YpMOrKm6g//Ktx8ivZr8xo1Qmtqub+GA=="],

    "node-gyp-build": ["node-gyp-build@4.8.4", "", { "bin": { "node-gyp-build": "bin.js", "node-gyp-build-optional": "optional.js", "node-gyp-build-test": "build-test.js" } }, "sha512-LA4ZjwlnUblHVgq0oBF3Jl/6h/Nvs5fzBLwdEF4nuxnFdsfajde4WfxtJr3CaiH+F6ewcIB/q4jQ4UzPyid+CQ=="],

    "surrealdb": ["surrealdb@2.0.3", "", { "dependencies": { "@surrealdb/cbor": "2.0.0-alpha.4", "uuidv7": "^1.0.1" }, "peerDependencies": { "tslib": "^2.6.3", "typescript": "^5.0.0" } }, "sha512-60dXe7K+7M5EUr6VyIgd/SEUCKFXqc54JHUhCTG8IDlqp7pmuuQQWs2wpgulp2oSXpy+9jwKhgNR/mP3wrEgfw=="],

    "tree-sitter-javascript": ["tree-sitter-javascript@0.23.1", "", { "dependencies": { "node-addon-api": "^8.2.2", "node-gyp-build": "^4.8.2" }, "peerDependencies": { "tree-sitter": "^0.21.1" }, "optionalPeers": ["tree-sitter"] }, "sha512-/bnhbrTD9frUYHQTiYnPcxyHORIw157ERBa6dqzaKxvR/x3PC4Yzd+D1pZIMS6zNg2v3a8BZ0oK7jHqsQo9fWA=="],

    "tree-sitter-typescript": ["tree-sitter-typescript@0.23.2", "", { "dependencies": { "node-addon-api": "^8.2.2", "node-gyp-build": "^4.8.2", "tree-sitter-javascript": "^0.23.1" }, "peerDependencies": { "tree-sitter": "^0.21.0" }, "optionalPeers": ["tree-sitter"] }, "sha512-e04JUUKxTT53/x3Uq1zIL45DoYKVfHH4CZqwgZhPg5qYROl5nQjV+85ruFzFGZxu+QeFVbRTPDRnqL9UbU4VeA=="],

    "tslib": ["tslib@2.8.1", "", {}, "sha512-oJFu94HQb+KVduSUQL7wnpmqnfmLsOA/nAh6b6EH0wCEoK0/mPeXU6c3wKDV83MkOuHPRHtSXKKU99IBazS/2w=="],

    "typescript": ["typescript@5.9.3", "", { "bin": { "tsc": "bin/tsc", "tsserver": "bin/tsserver" } }, "sha512-jl1vZzPDinLr9eUt3J/t7V6FgNEw9QjvBPdysz9KfQDD41fQrC2Y4vKQdiaUpFT4bXlb1RHhLpp8wtm6M5TgSw=="],

    "uuidv7": ["uuidv7@1.2.1", "", { "bin": { "uuidv7": "cli.js" } }, "sha512-4kPkK3/XTQW9Hbm4CaqfICn+kY9LJtDVEOfgsRRra/+n2Ofg4NqzRFceAkxvQ/Ud/6BpHOPzj8cirqM7TzTN5Q=="],

    "web-tree-sitter": ["web-tree-sitter@0.26.8", "", {}, "sha512-4sUwi7ZyOrIk5KLgYLkc2A/F0LFMQnBhfb+2Cdl7ik4ePJ6JD+fk4ofI2sA5eGawBKBaK4Vntt7Ww5KcEsay4A=="],
  }
}
